
Microsoft Visual Studio Solution File, Format Version 12.00
# Visual Studio 15
VisualStudioVersion = 15.0.28306.52
MinimumVisualStudioVersion = 10.0.40219.1
Project("{FAE04EC0-301F-11D3-BF4B-00C04F79EFBC}") = "CoreWebAPI", "CoreWebAPI\CoreWebAPI.csproj", "{317EB722-8184-4D30-A7D4-47C1D24A3DE2}"
EndProject
Global
	GlobalSection(SolutionConfigurationPlatforms) = preSolution
		Debug|Any CPU = Debug|Any CPU
		Release|Any CPU = Release|Any CPU
	EndGlobalSection
	GlobalSection(ProjectConfigurationPlatforms) = postSolution
		{317EB722-8184-4D30-A7D4-47C1D24A3DE2}.Debug|Any CPU.ActiveCfg = Debug|Any CPU
		{317EB722-8184-4D30-A7D4-47C1D24A3DE2}.Debug|Any CPU.Build.0 = Debug|Any CPU
		{317EB722-8184-4D30-A7D4-47C1D24A3DE2}.Release|Any CPU.ActiveCfg = Release|Any CPU
		{317EB722-8184-4D30-A7D4-47C1D24A3DE2}.Release|Any CPU.Build.0 = Release|Any CPU
	EndGlobalSection
	GlobalSection(SolutionProperties) = preSolution
		HideSolutionNode = FALSE
	EndGlobalSection
	GlobalSection(ExtensibilityGlobals) = postSolution
		SolutionGuid = {3417457A-BD04-4FE4-92FB-040D6F038590}
	EndGlobalSection
EndGlobal
